// !$*UTF8*$!
{
	archiveVersion = 1;
	classes = {
	};
	objectVersion = 46;
	objects = {

/* Begin PBXBuildFile section */
		E9DC224A1D839BC8000D80C3 /* AppDelegate.swift in Sources */ = {isa = PBXBuildFile; fileRef = E9DC22491D839BC8000D80C3 /* AppDelegate.swift */; };
		E9DC224C1D839BC8000D80C3 /* ViewController.swift in Sources */ = {isa = PBXBuildFile; fileRef = E9DC224B1D839BC8000D80C3 /* ViewController.swift */; };
		E9DC224F1D839BC8000D80C3 /* Main.storyboard in Resources */ = {isa = PBXBuildFile; fileRef = E9DC224D1D839BC8000D80C3 /* Main.storyboard */; };
		E9DC22511D839BC8000D80C3 /* Assets.xcassets in Resources */ = {isa = PBXBuildFile; fileRef = E9DC22501D839BC8000D80C3 /* Assets.xcassets */; };
		E9DC22541D839BC8000D80C3 /* LaunchScreen.storyboard in Resources */ = {isa = PBXBuildFile; fileRef = E9DC22521D839BC8000D80C3 /* LaunchScreen.storyboard */; };
		E9DC225F1D839BC8000D80C3 /* CDSwipeViewTests.swift in Sources */ = {isa = PBXBuildFile; fileRef = E9DC225E1D839BC8000D80C3 /* CDSwipeViewTests.swift */; };
		E9DC226A1D839BC8000D80C3 /* CDSwipeViewUITests.swift in Sources */ = {isa = PBXBuildFile; fileRef = E9DC22691D839BC8000D80C3 /* CDSwipeViewUITests.swift */; };
		E9DC227A1D839D3A000D80C3 /* CDSwipeView.swift in Sources */ = {isa = PBXBuildFile; fileRef = E9DC22791D839D3A000D80C3 /* CDSwipeView.swift */; };
/* End PBXBuildFile section */

/* Begin PBXContainerItemProxy section */
		E9DC225B1D839BC8000D80C3 /* PBXContainerItemProxy */ = {
			isa = PBXContainerItemProxy;
			containerPortal = E9DC223E1D839BC7000D80C3 /* Project object */;
			proxyType = 1;
			remoteGlobalIDString = E9DC22451D839BC7000D80C3;
			remoteInfo = CDSwipeView;
		};
		E9DC22661D839BC8000D80C3 /* PBXContainerItemProxy */ = {
			isa = PBXContainerItemProxy;
			containerPortal = E9DC223E1D839BC7000D80C3 /* Project object */;
			proxyType = 1;
			remoteGlobalIDString = E9DC22451D839BC7000D80C3;
			remoteInfo = CDSwipeView;
		};
/* End PBXContainerItemProxy section */

/* Begin PBXFileReference section */
		E9DC22461D839BC7000D80C3 /* CDSwipeView.app */ = {isa = PBXFileReference; explicitFileType = wrapper.application; includeInIndex = 0; path = CDSwipeView.app; sourceTree = BUILT_PRODUCTS_DIR; };
		E9DC22491D839BC8000D80C3 /* AppDelegate.swift */ = {isa = PBXFileReference; lastKnownFileType = sourcecode.swift; path = AppDelegate.swift; sourceTree = "<group>"; };
		E9DC224B1D839BC8000D80C3 /* ViewController.swift */ = {isa = PBXFileReference; lastKnownFileType = sourcecode.swift; path = ViewController.swift; sourceTree = "<group>"; };
		E9DC224E1D839BC8000D80C3 /* Base */ = {isa = PBXFileReference; lastKnownFileType = file.storyboard; name = Base; path = Base.lproj/Main.storyboard; sourceTree = "<group>"; };
		E9DC22501D839BC8000D80C3 /* Assets.xcassets */ = {isa = PBXFileReference; lastKnownFileType = folder.assetcatalog; path = Assets.xcassets; sourceTree = "<group>"; };
		E9DC22531D839BC8000D80C3 /* Base */ = {isa = PBXFileReference; lastKnownFileType = file.storyboard; name = Base; path = Base.lproj/LaunchScreen.storyboard; sourceTree = "<group>"; };
		E9DC22551D839BC8000D80C3 /* Info.plist */ = {isa = PBXFileReference; lastKnownFileType = text.plist.xml; path = Info.plist; sourceTree = "<group>"; };
		E9DC225A1D839BC8000D80C3 /* CDSwipeViewTests.xctest */ = {isa = PBXFileReference; explicitFileType = wrapper.cfbundle; includeInIndex = 0; path = CDSwipeViewTests.xctest; sourceTree = BUILT_PRODUCTS_DIR; };
		E9DC225E1D839BC8000D80C3 /* CDSwipeViewTests.swift */ = {isa = PBXFileReference; lastKnownFileType = sourcecode.swift; path = CDSwipeViewTests.swift; sourceTree = "<group>"; };
		E9DC22601D839BC8000D80C3 /* Info.plist */ = {isa = PBXFileReference; lastKnownFileType = text.plist.xml; path = Info.plist; sourceTree = "<group>"; };
		E9DC22651D839BC8000D80C3 /* CDSwipeViewUITests.xctest */ = {isa = PBXFileReference; explicitFileType = wrapper.cfbundle; includeInIndex = 0; path = CDSwipeViewUITests.xctest; sourceTree = BUILT_PRODUCTS_DIR; };
		E9DC22691D839BC8000D80C3 /* CDSwipeViewUITests.swift */ = {isa = PBXFileReference; lastKnownFileType = sourcecode.swift; path = CDSwipeViewUITests.swift; sourceTree = "<group>"; };
		E9DC226B1D839BC8000D80C3 /* Info.plist */ = {isa = PBXFileReference; lastKnownFileType = text.plist.xml; path = Info.plist; sourceTree = "<group>"; };
		E9DC22791D839D3A000D80C3 /* CDSwipeView.swift */ = {isa = PBXFileReference; fileEncoding = 4; lastKnownFileType = sourcecode.swift; name = CDSwipeView.swift; path = ../../CDSwipeView/CDSwipeView.swift; sourceTree = "<group>"; };
/* End PBXFileReference section */

/* Begin PBXFrameworksBuildPhase section */
		E9DC22431D839BC7000D80C3 /* Frameworks */ = {
			isa = PBXFrameworksBuildPhase;
			buildActionMask = 2147483647;
			files = (
			);
			runOnlyForDeploymentPostprocessing = 0;
		};
		E9DC22571D839BC8000D80C3 /* Frameworks */ = {
			isa = PBXFrameworksBuildPhase;
			buildActionMask = 2147483647;
			files = (
			);
			runOnlyForDeploymentPostprocessing = 0;
		};
		E9DC22621D839BC8000D80C3 /* Frameworks */ = {
			isa = PBXFrameworksBuildPhase;
			buildActionMask = 2147483647;
			files = (
			);
			runOnlyForDeploymentPostprocessing = 0;
		};
/* End PBXFrameworksBuildPhase section */

/* Begin PBXGroup section */
		E9DC223D1D839BC7000D80C3 = {
			isa = PBXGroup;
			children = (
				E9DC22481D839BC8000D80C3 /* CDSwipeView */,
				E9DC225D1D839BC8000D80C3 /* CDSwipeViewTests */,
				E9DC22681D839BC8000D80C3 /* CDSwipeViewUITests */,
				E9DC22471D839BC7000D80C3 /* Products */,
			);
			sourceTree = "<group>";
		};
		E9DC22471D839BC7000D80C3 /* Products */ = {
			isa = PBXGroup;
			children = (
				E9DC22461D839BC7000D80C3 /* CDSwipeView.app */,
				E9DC225A1D839BC8000D80C3 /* CDSwipeViewTests.xctest */,
				E9DC22651D839BC8000D80C3 /* CDSwipeViewUITests.xctest */,
			);
			name = Products;
			sourceTree = "<group>";
		};
		E9DC22481D839BC8000D80C3 /* CDSwipeView */ = {
			isa = PBXGroup;
			children = (
				E9DC22491D839BC8000D80C3 /* AppDelegate.swift */,
				E9DC224B1D839BC8000D80C3 /* ViewController.swift */,
				E9DC22791D839D3A000D80C3 /* CDSwipeView.swift */,
				E9DC224D1D839BC8000D80C3 /* Main.storyboard */,
				E9DC22501D839BC8000D80C3 /* Assets.xcassets */,
				E9DC22521D839BC8000D80C3 /* LaunchScreen.storyboard */,
				E9DC22551D839BC8000D80C3 /* Info.plist */,
			);
			path = CDSwipeView;
			sourceTree = "<group>";
		};
		E9DC225D1D839BC8000D80C3 /* CDSwipeViewTests */ = {
			isa = PBXGroup;
			children = (
				E9DC225E1D839BC8000D80C3 /* CDSwipeViewTests.swift */,
				E9DC22601D839BC8000D80C3 /* Info.plist */,
			);
			path = CDSwipeViewTests;
			sourceTree = "<group>";
		};
		E9DC22681D839BC8000D80C3 /* CDSwipeViewUITests */ = {
			isa = PBXGroup;
			children = (
				E9DC22691D839BC8000D80C3 /* CDSwipeViewUITests.swift */,
				E9DC226B1D839BC8000D80C3 /* Info.plist */,
			);
			path = CDSwipeViewUITests;
			sourceTree = "<group>";
		};
/* End PBXGroup section */

/* Begin PBXNativeTarget section */
		E9DC22451D839BC7000D80C3 /* CDSwipeView */ = {
			isa = PBXNativeTarget;
			buildConfigurationList = E9DC226E1D839BC8000D80C3 /* Build configuration list for PBXNativeTarget "CDSwipeView" */;
			buildPhases = (
				E9DC22421D839BC7000D80C3 /* Sources */,
				E9DC22431D839BC7000D80C3 /* Frameworks */,
				E9DC22441D839BC7000D80C3 /* Resources */,
			);
			buildRules = (
			);
			dependencies = (
			);
			name = CDSwipeView;
			productName = CDSwipeView;
			productReference = E9DC22461D839BC7000D80C3 /* CDSwipeView.app */;
			productType = "com.apple.product-type.application";
		};
		E9DC22591D839BC8000D80C3 /* CDSwipeViewTests */ = {
			isa = PBXNativeTarget;
			buildConfigurationList = E9DC22711D839BC8000D80C3 /* Build configuration list for PBXNativeTarget "CDSwipeViewTests" */;
			buildPhases = (
				E9DC22561D839BC8000D80C3 /* Sources */,
				E9DC22571D839BC8000D80C3 /* Frameworks */,
				E9DC22581D839BC8000D80C3 /* Resources */,
			);
			buildRules = (
			);
			dependencies = (
				E9DC225C1D839BC8000D80C3 /* PBXTargetDependency */,
			);
			name = CDSwipeViewTests;
			productName = CDSwipeViewTests;
			productReference = E9DC225A1D839BC8000D80C3 /* CDSwipeViewTests.xctest */;
			productType = "com.apple.product-type.bundle.unit-test";
		};
		E9DC22641D839BC8000D80C3 /* CDSwipeViewUITests */ = {
			isa = PBXNativeTarget;
			buildConfigurationList = E9DC22741D839BC8000D80C3 /* Build configuration list for PBXNativeTarget "CDSwipeViewUITests" */;
			buildPhases = (
				E9DC22611D839BC8000D80C3 /* Sources */,
				E9DC22621D839BC8000D80C3 /* Frameworks */,
				E9DC22631D839BC8000D80C3 /* Resources */,
			);
			buildRules = (
			);
			dependencies = (
				E9DC22671D839BC8000D80C3 /* PBXTargetDependency */,
			);
			name = CDSwipeViewUITests;
			productName = CDSwipeViewUITests;
			productReference = E9DC22651D839BC8000D80C3 /* CDSwipeViewUITests.xctest */;
			productType = "com.apple.product-type.bundle.ui-testing";
		};
/* End PBXNativeTarget section */

/* Begin PBXProject section */
		E9DC223E1D839BC7000D80C3 /* Project object */ = {
			isa = PBXProject;
			attributes = {
				LastSwiftUpdateCheck = 0730;
				LastUpgradeCheck = 0730;
				ORGANIZATIONNAME = chdo;
				TargetAttributes = {
					E9DC22451D839BC7000D80C3 = {
						CreatedOnToolsVersion = 7.3.1;
					};
					E9DC22591D839BC8000D80C3 = {
						CreatedOnToolsVersion = 7.3.1;
						TestTargetID = E9DC22451D839BC7000D80C3;
					};
					E9DC22641D839BC8000D80C3 = {
						CreatedOnToolsVersion = 7.3.1;
						TestTargetID = E9DC22451D839BC7000D80C3;
					};
				};
			};
			buildConfigurationList = E9DC22411D839BC7000D80C3 /* Build configuration list for PBXProject "CDSwipeView" */;
			compatibilityVersion = "Xcode 3.2";
			developmentRegion = English;
			hasScannedForEncodings = 0;
			knownRegions = (
				en,
				Base,
			);
			mainGroup = E9DC223D1D839BC7000D80C3;
			productRefGroup = E9DC22471D839BC7000D80C3 /* Products */;
			projectDirPath = "";
			projectRoot = "";
			targets = (
				E9DC22451D839BC7000D80C3 /* CDSwipeView */,
				E9DC22591D839BC8000D80C3 /* CDSwipeViewTests */,
				E9DC22641D839BC8000D80C3 /* CDSwipeViewUITests */,
			);
		};
/* End PBXProject section */

/* Begin PBXResourcesBuildPhase section */
		E9DC22441D839BC7000D80C3 /* Resources */ = {
			isa = PBXResourcesBuildPhase;
			buildActionMask = 2147483647;
			files = (
				E9DC22541D839BC8000D80C3 /* LaunchScreen.storyboard in Resources */,
				E9DC22511D839BC8000D80C3 /* Assets.xcassets in Resources */,
				E9DC224F1D839BC8000D80C3 /* Main.storyboard in Resources */,
			);
			runOnlyForDeploymentPostprocessing = 0;
		};
		E9DC22581D839BC8000D80C3 /* Resources */ = {
			isa = PBXResourcesBuildPhase;
			buildActionMask = 2147483647;
			files = (
			);
			runOnlyForDeploymentPostprocessing = 0;
		};
		E9DC22631D839BC8000D80C3 /* Resources */ = {
			isa = PBXResourcesBuildPhase;
			buildActionMask = 2147483647;
			files = (
			);
			runOnlyForDeploymentPostprocessing = 0;
		};
/* End PBXResourcesBuildPhase section */

/* Begin PBXSourcesBuildPhase section */
		E9DC22421D839BC7000D80C3 /* Sources */ = {
			isa = PBXSourcesBuildPhase;
			buildActionMask = 2147483647;
			files = (
				E9DC224C1D839BC8000D80C3 /* ViewController.swift in Sources */,
				E9DC227A1D839D3A000D80C3 /* CDSwipeView.swift in Sources */,
				E9DC224A1D839BC8000D80C3 /* AppDelegate.swift in Sources */,
			);
			runOnlyForDeploymentPostprocessing = 0;
		};
		E9DC22561D839BC8000D80C3 /* Sources */ = {
			isa = PBXSourcesBuildPhase;
			buildActionMask = 2147483647;
			files = (
				E9DC225F1D839BC8000D80C3 /* CDSwipeViewTests.swift in Sources */,
			);
			runOnlyForDeploymentPostprocessing = 0;
		};
		E9DC22611D839BC8000D80C3 /* Sources */ = {
			isa = PBXSourcesBuildPhase;
			buildActionMask = 2147483647;
			files = (
				E9DC226A1D839BC8000D80C3 /* CDSwipeViewUITests.swift in Sources */,
			);
			runOnlyForDeploymentPostprocessing = 0;
		};
/* End PBXSourcesBuildPhase section */

/* Begin PBXTargetDependency section */
		E9DC225C1D839BC8000D80C3 /* PBXTargetDependency */ = {
			isa = PBXTargetDependency;
			target = E9DC22451D839BC7000D80C3 /* CDSwipeView */;
			targetProxy = E9DC225B1D839BC8000D80C3 /* PBXContainerItemProxy */;
		};
		E9DC22671D839BC8000D80C3 /* PBXTargetDependency */ = {
			isa = PBXTargetDependency;
			target = E9DC22451D839BC7000D80C3 /* CDSwipeView */;
			targetProxy = E9DC22661D839BC8000D80C3 /* PBXContainerItemProxy */;
		};
/* End PBXTargetDependency section */

/* Begin PBXVariantGroup section */
		E9DC224D1D839BC8000D80C3 /* Main.storyboard */ = {
			isa = PBXVariantGroup;
			children = (
				E9DC224E1D839BC8000D80C3 /* Base */,
			);
			name = Main.storyboard;
			sourceTree = "<group>";
		};
		E9DC22521D839BC8000D80C3 /* LaunchScreen.storyboard */ = {
			isa = PBXVariantGroup;
			children = (
				E9DC22531D839BC8000D80C3 /* Base */,
			);
			name = LaunchScreen.storyboard;
			sourceTree = "<group>";
		};
/* End PBXVariantGroup section */

/* Begin XCBuildConfiguration section */
		E9DC226C1D839BC8000D80C3 /* Debug */ = {
			isa = XCBuildConfiguration;
			buildSettings = {
				ALWAYS_SEARCH_USER_PATHS = NO;
				CLANG_ANALYZER_NONNULL = YES;
				CLANG_CXX_LANGUAGE_STANDARD = "gnu++0x";
				CLANG_CXX_LIBRARY = "libc++";
				CLANG_ENABLE_MODULES = YES;
				CLANG_ENABLE_OBJC_ARC = YES;
				CLANG_WARN_BOOL_CONVERSION = YES;
				CLANG_WARN_CONSTANT_CONVERSION = YES;
				CLANG_WARN_DIRECT_OBJC_ISA_USAGE = YES_ERROR;
				CLANG_WARN_EMPTY_BODY = YES;
				CLANG_WARN_ENUM_CONVERSION = YES;
				CLANG_WARN_INT_CONVERSION = YES;
				CLANG_WARN_OBJC_ROOT_CLASS = YES_ERROR;
				CLANG_WARN_UNREACHABLE_CODE = YES;
				CLANG_WARN__DUPLICATE_METHOD_MATCH = YES;
				"CODE_SIGN_IDENTITY[sdk=iphoneos*]" = "iPhone Developer";
				COPY_PHASE_STRIP = NO;
				DEBUG_INFORMATION_FORMAT = dwarf;
				ENABLE_STRICT_OBJC_MSGSEND = YES;
				ENABLE_TESTABILITY = YES;
				GCC_C_LANGUAGE_STANDARD = gnu99;
				GCC_DYNAMIC_NO_PIC = NO;
				GCC_NO_COMMON_BLOCKS = YES;
				GCC_OPTIMIZATION_LEVEL = 0;
				GCC_PREPROCESSOR_DEFINITIONS = (
					"DEBUG=1",
					"$(inherited)",
				);
				GCC_WARN_64_TO_32_BIT_CONVERSION = YES;
				GCC_WARN_ABOUT_RETURN_TYPE = YES_ERROR;
				GCC_WARN_UNDECLARED_SELECTOR = YES;
				GCC_WARN_UNINITIALIZED_AUTOS = YES_AGGRESSIVE;
				GCC_WARN_UNUSED_FUNCTION = YES;
				GCC_WARN_UNUSED_VARIABLE = YES;
				IPHONEOS_DEPLOYMENT_TARGET = 9.3;
				MTL_ENABLE_DEBUG_INFO = YES;
				ONLY_ACTIVE_ARCH = YES;
				SDKROOT = iphoneos;
				SWIFT_OPTIMIZATION_LEVEL = "-Onone";
				TARGETED_DEVICE_FAMILY = "1,2";
			};
			name = Debug;
		};
		E9DC226D1D839BC8000D80C3 /* Release */ = {
			isa = XCBuildConfiguration;
			buildSettings = {
				ALWAYS_SEARCH_USER_PATHS = NO;
				CLANG_ANALYZER_NONNULL = YES;
				CLANG_CXX_LANGUAGE_STANDARD = "gnu++0x";
				CLANG_CXX_LIBRARY = "libc++";
				CLANG_ENABLE_MODULES = YES;
				CLANG_ENABLE_OBJC_ARC = YES;
				CLANG_WARN_BOOL_CONVERSION = YES;
				CLANG_WARN_CONSTANT_CONVERSION = YES;
				CLANG_WARN_DIRECT_OBJC_ISA_USAGE = YES_ERROR;
				CLANG_WARN_EMPTY_BODY = YES;
				CLANG_WARN_ENUM_CONVERSION = YES;
				CLANG_WARN_INT_CONVERSION = YES;
				CLANG_WARN_OBJC_ROOT_CLASS = YES_ERROR;
				CLANG_WARN_UNREACHABLE_CODE = YES;
				CLANG_WARN__DUPLICATE_METHOD_MATCH = YES;
				"CODE_SIGN_IDENTITY[sdk=iphoneos*]" = "iPhone Developer";
				COPY_PHASE_STRIP = NO;
				DEBUG_INFORMATION_FORMAT = "dwarf-with-dsym";
				ENABLE_NS_ASSERTIONS = NO;
				ENABLE_STRICT_OBJC_MSGSEND = YES;
				GCC_C_LANGUAGE_STANDARD = gnu99;
				GCC_NO_COMMON_BLOCKS = YES;
				GCC_WARN_64_TO_32_BIT_CONVERSION = YES;
				GCC_WARN_ABOUT_RETURN_TYPE = YES_ERROR;
				GCC_WARN_UNDECLARED_SELECTOR = YES;
				GCC_WARN_UNINITIALIZED_AUTOS = YES_AGGRESSIVE;
				GCC_WARN_UNUSED_FUNCTION = YES;
				GCC_WARN_UNUSED_VARIABLE = YES;
				IPHONEOS_DEPLOYMENT_TARGET = 9.3;
				MTL_ENABLE_DEBUG_INFO = NO;
				SDKROOT = iphoneos;
				TARGETED_DEVICE_FAMILY = "1,2";
				VALIDATE_PRODUCT = YES;
			};
			name = Release;
		};
		E9DC226F1D839BC8000D80C3 /* Debug */ = {
			isa = XCBuildConfiguration;
			buildSettings = {
				ASSETCATALOG_COMPILER_APPICON_NAME = AppIcon;
				INFOPLIST_FILE = CDSwipeView/Info.plist;
				LD_RUNPATH_SEARCH_PATHS = "$(inherited) @executable_path/Frameworks";
				PRODUCT_BUNDLE_IDENTIFIER = chdo.CDSwipeView;
				PRODUCT_NAME = "$(TARGET_NAME)";
			};
			name = Debug;
		};
		E9DC22701D839BC8000D80C3 /* Release */ = {
			isa = XCBuildConfiguration;
			buildSettings = {
				ASSETCATALOG_COMPILER_APPICON_NAME = AppIcon;
				INFOPLIST_FILE = CDSwipeView/Info.plist;
				LD_RUNPATH_SEARCH_PATHS = "$(inherited) @executable_path/Frameworks";
				PRODUCT_BUNDLE_IDENTIFIER = chdo.CDSwipeView;
				PRODUCT_NAME = "$(TARGET_NAME)";
			};
			name = Release;
		};
		E9DC22721D839BC8000D80C3 /* Debug */ = {
			isa = XCBuildConfiguration;
			buildSettings = {
				BUNDLE_LOADER = "$(TEST_HOST)";
				INFOPLIST_FILE = CDSwipeViewTests/Info.plist;
				LD_RUNPATH_SEARCH_PATHS = "$(inherited) @executable_path/Frameworks @loader_path/Frameworks";
				PRODUCT_BUNDLE_IDENTIFIER = chdo.CDSwipeViewTests;
				PRODUCT_NAME = "$(TARGET_NAME)";
				TEST_HOST = "$(BUILT_PRODUCTS_DIR)/CDSwipeView.app/CDSwipeView";
			};
			name = Debug;
		};
		E9DC22731D839BC8000D80C3 /* Release */ = {
			isa = XCBuildConfiguration;
			buildSettings = {
				BUNDLE_LOADER = "$(TEST_HOST)";
				INFOPLIST_FILE = CDSwipeViewTests/Info.plist;
				LD_RUNPATH_SEARCH_PATHS = "$(inherited) @executable_path/Frameworks @loader_path/Frameworks";
				PRODUCT_BUNDLE_IDENTIFIER = chdo.CDSwipeViewTests;
				PRODUCT_NAME = "$(TARGET_NAME)";
				TEST_HOST = "$(BUILT_PRODUCTS_DIR)/CDSwipeView.app/CDSwipeView";
			};
			name = Release;
		};
		E9DC22751D839BC8000D80C3 /* Debug */ = {
			isa = XCBuildConfiguration;
			buildSettings = {
				INFOPLIST_FILE = CDSwipeViewUITests/Info.plist;
				LD_RUNPATH_SEARCH_PATHS = "$(inherited) @executable_path/Frameworks @loader_path/Frameworks";
				PRODUCT_BUNDLE_IDENTIFIER = chdo.CDSwipeViewUITests;
				PRODUCT_NAME = "$(TARGET_NAME)";
				TEST_TARGET_NAME = CDSwipeView;
			};
			name = Debug;
		};
		E9DC22761D839BC8000D80C3 /* Release */ = {
			isa = XCBuildConfiguration;
			buildSettings = {
				INFOPLIST_FILE = CDSwipeViewUITests/Info.plist;
				LD_RUNPATH_SEARCH_PATHS = "$(inherited) @executable_path/Frameworks @loader_path/Frameworks";
				PRODUCT_BUNDLE_IDENTIFIER = chdo.CDSwipeViewUITests;
				PRODUCT_NAME = "$(TARGET_NAME)";
				TEST_TARGET_NAME = CDSwipeView;
			};
			name = Release;
		};
/* End XCBuildConfiguration section */

/* Begin XCConfigurationList section */
		E9DC22411D839BC7000D80C3 /* Build configuration list for PBXProject "CDSwipeView" */ = {
			isa = XCConfigurationList;
			buildConfigurations = (
				E9DC226C1D839BC8000D80C3 /* Debug */,
				E9DC226D1D839BC8000D80C3 /* Release */,
			);
			defaultConfigurationIsVisible = 0;
			defaultConfigurationName = Release;
		};
		E9DC226E1D839BC8000D80C3 /* Build configuration list for PBXNativeTarget "CDSwipeView" */ = {
			isa = XCConfigurationList;
			buildConfigurations = (
				E9DC226F1D839BC8000D80C3 /* Debug */,
				E9DC22701D839BC8000D80C3 /* Release */,
			);
			defaultConfigurationIsVisible = 0;
			defaultConfigurationName = Release;
		};
		E9DC22711D839BC8000D80C3 /* Build configuration list for PBXNativeTarget "CDSwipeViewTests" */ = {
			isa = XCConfigurationList;
			buildConfigurations = (
				E9DC22721D839BC8000D80C3 /* Debug */,
				E9DC22731D839BC8000D80C3 /* Release */,
			);
			defaultConfigurationIsVisible = 0;
			defaultConfigurationName = Release;
		};
		E9DC22741D839BC8000D80C3 /* Build configuration list for PBXNativeTarget "CDSwipeViewUITests" */ = {
			isa = XCConfigurationList;
			buildConfigurations = (
				E9DC22751D839BC8000D80C3 /* Debug */,
				E9DC22761D839BC8000D80C3 /* Release */,
			);
			defaultConfigurationIsVisible = 0;
			defaultConfigurationName = Release;
		};
/* End XCConfigurationList section */
	};
	rootObject = E9DC223E1D839BC7000D80C3 /* Project object */;
}
